{
  "name": "clock",
  "version": "1.0.0",
  "lockfileVersion": 3,
  "requires": true,
  "packages": {
    "": {
      "name": "clock",
      "version": "1.0.0",
      "license": "ISC",
      "dependencies": {
        "@tauri-apps/api": "^2.0.0-rc.0"
      },
      "devDependencies": {
        "@tauri-apps/cli": "^2.0.0-rc.0"
      }
    },
    "node_modules/@tauri-apps/api": {
      "version": "2.0.0-rc.0",
      "resolved": "https://registry.npmjs.org/@tauri-apps/api/-/api-2.0.0-rc.0.tgz",
      "integrity": "sha512-v454Qs3REHc3Za59U+/eSmBsdmF+3NE5+76+lFDaitVqN4ZglDHENDaMARYKGJVZuxiSkzyqG0SeG7lLQjVkPA==",
      "license": "Apache-2.0 OR MIT",
      "engines": {
        "node": ">= 18.18",
        "npm": ">= 6.6.0",
        "yarn": ">= 1.19.1"
      },
      "funding": {
        "type": "opencollective",
        "url": "https://opencollective.com/tauri"
      }
    },
    "node_modules/@tauri-apps/cli": {
      "version": "2.0.0-rc.0",
      "resolved": "https://registry.npmjs.org/@tauri-apps/cli/-/cli-2.0.0-rc.0.tgz",
      "integrity": "sha512-X9N/R7e3zeTpU0HgQi2kaNYncMFoSTzXstnUyGOcKrJcCkR4ebbA2nYqhGvIPfglLKHNFRTZwfPNhixx2Ftxxg==",
      "dev": true,
      "license": "Apache-2.0 OR MIT",
      "bin": {
        "tauri": "tauri.js"
      },
      "engines": {
        "node": ">= 10"
      },
      "funding": {
        "type": "opencollective",
        "url": "https://opencollective.com/tauri"
      },
      "optionalDependencies": {
        "@tauri-apps/cli-darwin-arm64": "2.0.0-rc.0",
        "@tauri-apps/cli-darwin-x64": "2.0.0-rc.0",
        "@tauri-apps/cli-linux-arm-gnueabihf": "2.0.0-rc.0",
        "@tauri-apps/cli-linux-arm64-gnu": "2.0.0-rc.0",
        "@tauri-apps/cli-linux-arm64-musl": "2.0.0-rc.0",
        "@tauri-apps/cli-linux-x64-gnu": "2.0.0-rc.0",
        "@tauri-apps/cli-linux-x64-musl": "2.0.0-rc.0",
        "@tauri-apps/cli-win32-arm64-msvc": "2.0.0-rc.0",
        "@tauri-apps/cli-win32-ia32-msvc": "2.0.0-rc.0",
        "@tauri-apps/cli-win32-x64-msvc": "2.0.0-rc.0"
      }
    },
    "node_modules/@tauri-apps/cli-darwin-arm64": {
      "version": "2.0.0-rc.0",
      "resolved": "https://registry.npmjs.org/@tauri-apps/cli-darwin-arm64/-/cli-darwin-arm64-2.0.0-rc.0.tgz",
      "integrity": "sha512-jpQc++6ESFUuBpoXvJNPTRtrmToMIByOynZ4K5SAwI9RkKUikSaDmlRZV0GisOVPT7TT08khk7MPtAQeFyjqwA==",
      "cpu": [
        "arm64"
      ],
      "dev": true,
      "license": "MIT",
      "optional": true,
      "os": [
        "darwin"
      ],
      "engines": {
        "node": ">= 10"
      }
    },
    "node_modules/@tauri-apps/cli-darwin-x64": {
      "version": "2.0.0-rc.0",
      "resolved": "https://registry.npmjs.org/@tauri-apps/cli-darwin-x64/-/cli-darwin-x64-2.0.0-rc.0.tgz",
      "integrity": "sha512-EnqsgcNUwH29YjQ4JdBID5kILQQdIJgZ36VQgtju/BBvnd1lr+6Bswdk1/4y41hhAVz9WyHeMCnTH33CSKvNxw==",
      "cpu": [
        "x64"
      ],
      "dev": true,
      "license": "MIT",
      "optional": true,
      "os": [
        "darwin"
      ],
      "engines": {
        "node": ">= 10"
      }
    },
    "node_modules/@tauri-apps/cli-linux-arm-gnueabihf": {
      "version": "2.0.0-rc.0",
      "resolved": "https://registry.npmjs.org/@tauri-apps/cli-linux-arm-gnueabihf/-/cli-linux-arm-gnueabihf-2.0.0-rc.0.tgz",
      "integrity": "sha512-YKg/qThAmQYRToiV8lx/DvMf0VaUJAutIfv8ALq9Or4zdg7mZlAlKvF+7lZQQRmKhQ62+0gnoJS2HyN8feaagw==",
      "cpu": [
        "arm"
      ],
      "dev": true,
      "license": "MIT",
      "optional": true,
      "os": [
        "linux"
      ],
      "engines": {
        "node": ">= 10"
      }
    },
    "node_modules/@tauri-apps/cli-linux-arm64-gnu": {
      "version": "2.0.0-rc.0",
      "resolved": "https://registry.npmjs.org/@tauri-apps/cli-linux-arm64-gnu/-/cli-linux-arm64-gnu-2.0.0-rc.0.tgz",
      "integrity": "sha512-UnflWuNhH/u41GSmG1jm6qhWUM4o1AB463QCaf2fAjLo5GWiI78U6rJOOXZvOOmWIQuzsmAUZjNDORWW13+osA==",
      "cpu": [
        "arm64"
      ],
      "dev": true,
      "license": "MIT",
      "optional": true,
      "os": [
        "linux"
      ],
      "engines": {
        "node": ">= 10"
      }
    },
    "node_modules/@tauri-apps/cli-linux-arm64-musl": {
      "version": "2.0.0-rc.0",
      "resolved": "https://registry.npmjs.org/@tauri-apps/cli-linux-arm64-musl/-/cli-linux-arm64-musl-2.0.0-rc.0.tgz",
      "integrity": "sha512-sWRaDyb332gtHWHr0KvoLzkzvXqRpZ0vpQYxKF2/mIZtaUuMtU56GmRwFVX4VjQYgWb3yWmzTr+tEKjCjXbjng==",
      "cpu": [
        "arm64"
      ],
      "dev": true,
      "license": "MIT",
      "optional": true,
      "os": [
        "linux"
      ],
      "engines": {
        "node": ">= 10"
      }
    },
    "node_modules/@tauri-apps/cli-linux-x64-gnu": {
      "version": "2.0.0-rc.0",
      "resolved": "https://registry.npmjs.org/@tauri-apps/cli-linux-x64-gnu/-/cli-linux-x64-gnu-2.0.0-rc.0.tgz",
      "integrity": "sha512-1dokW+9ZfhwzwYz42jYR5A0/VnGoEGVW7HyN1N6KvHeL1FpSbh0LoTsDODjVjZSjXd62+Aac/stbJqBZChQWbA==",
      "cpu": [
        "x64"
      ],
      "dev": true,
      "license": "MIT",
      "optional": true,
      "os": [
        "linux"
      ],
      "engines": {
        "node": ">= 10"
      }
    },
    "node_modules/@tauri-apps/cli-linux-x64-musl": {
      "version": "2.0.0-rc.0",
      "resolved": "https://registry.npmjs.org/@tauri-apps/cli-linux-x64-musl/-/cli-linux-x64-musl-2.0.0-rc.0.tgz",
      "integrity": "sha512-7tb34p3vLEGS4pGRpmxcz7eq37yD7DVe4XFfgj8ZO0KsaRBVivzNK2snNDLnd0dVZcx/lJjZc8Cf0B5W1/x/Jw==",
      "cpu": [
        "x64"
      ],
      "dev": true,
      "license": "MIT",
      "optional": true,
      "os": [
        "linux"
      ],
      "engines": {
        "node": ">= 10"
      }
    },
    "node_modules/@tauri-apps/cli-win32-arm64-msvc": {
      "version": "2.0.0-rc.0",
      "resolved": "https://registry.npmjs.org/@tauri-apps/cli-win32-arm64-msvc/-/cli-win32-arm64-msvc-2.0.0-rc.0.tgz",
      "integrity": "sha512-Ilw3Gro8ZBew9yfBXcaET9lLj0g4jehWDMH6j2Wdje1rnvBbQShMaSn3WNMfJypyet5nqM88nGA3YipzmVcIBA==",
      "cpu": [
        "arm64"
      ],
      "dev": true,
      "license": "MIT",
      "optional": true,
      "os": [
        "win32"
      ],
      "engines": {
        "node": ">= 10"
      }
    },
    "node_modules/@tauri-apps/cli-win32-ia32-msvc": {
      "version": "2.0.0-rc.0",
      "resolved": "https://registry.npmjs.org/@tauri-apps/cli-win32-ia32-msvc/-/cli-win32-ia32-msvc-2.0.0-rc.0.tgz",
      "integrity": "sha512-AWzgDlvv0BssWH3aNsDXLRkKbGynWdm5X6DenSQKtZm5dmDBZsNlZRMgkyPb8WSHK/7ARznKs2OdnkuHWuh9ww==",
      "cpu": [
        "ia32"
      ],
      "dev": true,
      "license": "MIT",
      "optional": true,
      "os": [
        "win32"
      ],
      "engines": {
        "node": ">= 10"
      }
    },
    "node_modules/@tauri-apps/cli-win32-x64-msvc": {
      "version": "2.0.0-rc.0",
      "resolved": "https://registry.npmjs.org/@tauri-apps/cli-win32-x64-msvc/-/cli-win32-x64-msvc-2.0.0-rc.0.tgz",
      "integrity": "sha512-zmXDUkBmzZ6lk6jT6AoOAE2w+kmkLX5uf/vaJHHzE6WsrZ6UymH0HTLwbRXhaplvpnzXGVyLuSlv3/BK6Q69aQ==",
      "cpu": [
        "x64"
      ],
      "dev": true,
      "license": "MIT",
      "optional": true,
      "os": [
        "win32"
      ],
      "engines": {
        "node": ">= 10"
      }
    }
  }
}
